<Solution>
  <Project Path="PedagangPulsa.Web/PedagangPulsa.Web.csproj" />
  <Project Path="PedagangPulsa.Api/PedagangPulsa.Api.csproj" />
  <Project Path="PedagangPulsa.Application/PedagangPulsa.Application.csproj" />
  <Project Path="PedagangPulsa.Domain/PedagangPulsa.Domain.csproj" />
  <Project Path="PedagangPulsa.Infrastructure/PedagangPulsa.Infrastructure.csproj" />
  <Project Path="PedagangPulsa.Tests/PedagangPulsa.Tests.csproj" />
</Solution>
